// !$*UTF8*$!
{
	archiveVersion = 1;
	classes = {
	};
	objectVersion = 46;
	objects = {

/* Begin PBXBuildFile section */
		9DBE61351E52E367000451E0 /* AppDelegate.swift in Sources */ = {isa = PBXBuildFile; fileRef = 9DBE61341E52E367000451E0 /* AppDelegate.swift */; };
		9DBE61371E52E367000451E0 /* ViewController.swift in Sources */ = {isa = PBXBuildFile; fileRef = 9DBE61361E52E367000451E0 /* ViewController.swift */; };
		9DBE613A1E52E367000451E0 /* Main.storyboard in Resources */ = {isa = PBXBuildFile; fileRef = 9DBE61381E52E367000451E0 /* Main.storyboard */; };
		9DBE613C1E52E367000451E0 /* Assets.xcassets in Resources */ = {isa = PBXBuildFile; fileRef = 9DBE613B1E52E367000451E0 /* Assets.xcassets */; };
		9DBE613F1E52E367000451E0 /* LaunchScreen.storyboard in Resources */ = {isa = PBXBuildFile; fileRef = 9DBE613D1E52E367000451E0 /* LaunchScreen.storyboard */; };
		9DD0C1EC1E53EC7400E9B06B /* container.swift in Sources */ = {isa = PBXBuildFile; fileRef = 9DD0C1EB1E53EC7400E9B06B /* container.swift */; };
		9DD0C1EE1E53EFD200E9B06B /* contained.swift in Sources */ = {isa = PBXBuildFile; fileRef = 9DD0C1ED1E53EFD200E9B06B /* contained.swift */; };
		9DD0C1F01E53F1D500E9B06B /* TableCell.swift in Sources */ = {isa = PBXBuildFile; fileRef = 9DD0C1EF1E53F1D500E9B06B /* TableCell.swift */; };
/* End PBXBuildFile section */

/* Begin PBXFileReference section */
		9DBE61311E52E367000451E0 /* search.app */ = {isa = PBXFileReference; explicitFileType = wrapper.application; includeInIndex = 0; path = search.app; sourceTree = BUILT_PRODUCTS_DIR; };
		9DBE61341E52E367000451E0 /* AppDelegate.swift */ = {isa = PBXFileReference; lastKnownFileType = sourcecode.swift; path = AppDelegate.swift; sourceTree = "<group>"; };
		9DBE61361E52E367000451E0 /* ViewController.swift */ = {isa = PBXFileReference; lastKnownFileType = sourcecode.swift; path = ViewController.swift; sourceTree = "<group>"; };
		9DBE61391E52E367000451E0 /* Base */ = {isa = PBXFileReference; lastKnownFileType = file.storyboard; name = Base; path = Base.lproj/Main.storyboard; sourceTree = "<group>"; };
		9DBE613B1E52E367000451E0 /* Assets.xcassets */ = {isa = PBXFileReference; lastKnownFileType = folder.assetcatalog; path = Assets.xcassets; sourceTree = "<group>"; };
		9DBE613E1E52E367000451E0 /* Base */ = {isa = PBXFileReference; lastKnownFileType = file.storyboard; name = Base; path = Base.lproj/LaunchScreen.storyboard; sourceTree = "<group>"; };
		9DBE61401E52E367000451E0 /* Info.plist */ = {isa = PBXFileReference; lastKnownFileType = text.plist.xml; path = Info.plist; sourceTree = "<group>"; };
		9DD0C1EB1E53EC7400E9B06B /* container.swift */ = {isa = PBXFileReference; fileEncoding = 4; lastKnownFileType = sourcecode.swift; path = container.swift; sourceTree = "<group>"; };
		9DD0C1ED1E53EFD200E9B06B /* contained.swift */ = {isa = PBXFileReference; fileEncoding = 4; lastKnownFileType = sourcecode.swift; path = contained.swift; sourceTree = "<group>"; };
		9DD0C1EF1E53F1D500E9B06B /* TableCell.swift */ = {isa = PBXFileReference; fileEncoding = 4; lastKnownFileType = sourcecode.swift; name = TableCell.swift; path = ../TableCell.swift; sourceTree = "<group>"; };
/* End PBXFileReference section */

/* Begin PBXFrameworksBuildPhase section */
		9DBE612E1E52E367000451E0 /* Frameworks */ = {
			isa = PBXFrameworksBuildPhase;
			buildActionMask = 2147483647;
			files = (
			);
			runOnlyForDeploymentPostprocessing = 0;
		};
/* End PBXFrameworksBuildPhase section */

/* Begin PBXGroup section */
		9DBE61281E52E367000451E0 = {
			isa = PBXGroup;
			children = (
				9DBE61331E52E367000451E0 /* search */,
				9DBE61321E52E367000451E0 /* Products */,
			);
			sourceTree = "<group>";
		};
		9DBE61321E52E367000451E0 /* Products */ = {
			isa = PBXGroup;
			children = (
				9DBE61311E52E367000451E0 /* search.app */,
			);
			name = Products;
			sourceTree = "<group>";
		};
		9DBE61331E52E367000451E0 /* search */ = {
			isa = PBXGroup;
			children = (
				9DBE61341E52E367000451E0 /* AppDelegate.swift */,
				9DBE61361E52E367000451E0 /* ViewController.swift */,
				9DBE61381E52E367000451E0 /* Main.storyboard */,
				9DD0C1ED1E53EFD200E9B06B /* contained.swift */,
				9DD0C1EB1E53EC7400E9B06B /* container.swift */,
				9DBE613B1E52E367000451E0 /* Assets.xcassets */,
				9DD0C1EF1E53F1D500E9B06B /* TableCell.swift */,
				9DBE613D1E52E367000451E0 /* LaunchScreen.storyboard */,
				9DBE61401E52E367000451E0 /* Info.plist */,
			);
			path = search;
			sourceTree = "<group>";
		};
/* End PBXGroup section */

/* Begin PBXNativeTarget section */
		9DBE61301E52E367000451E0 /* search */ = {
			isa = PBXNativeTarget;
			buildConfigurationList = 9DBE61431E52E367000451E0 /* Build configuration list for PBXNativeTarget "search" */;
			buildPhases = (
				9DBE612D1E52E367000451E0 /* Sources */,
				9DBE612E1E52E367000451E0 /* Frameworks */,
				9DBE612F1E52E367000451E0 /* Resources */,
			);
			buildRules = (
			);
			dependencies = (
			);
			name = search;
			productName = search;
			productReference = 9DBE61311E52E367000451E0 /* search.app */;
			productType = "com.apple.product-type.application";
		};
/* End PBXNativeTarget section */

/* Begin PBXProject section */
		9DBE61291E52E367000451E0 /* Project object */ = {
			isa = PBXProject;
			attributes = {
				LastSwiftUpdateCheck = 0800;
				LastUpgradeCheck = 0800;
				ORGANIZATIONNAME = cscoi007;
				TargetAttributes = {
					9DBE61301E52E367000451E0 = {
						CreatedOnToolsVersion = 8.0;
						ProvisioningStyle = Automatic;
					};
				};
			};
			buildConfigurationList = 9DBE612C1E52E367000451E0 /* Build configuration list for PBXProject "search" */;
			compatibilityVersion = "Xcode 3.2";
			developmentRegion = English;
			hasScannedForEncodings = 0;
			knownRegions = (
				en,
				Base,
			);
			mainGroup = 9DBE61281E52E367000451E0;
			productRefGroup = 9DBE61321E52E367000451E0 /* Products */;
			projectDirPath = "";
			projectRoot = "";
			targets = (
				9DBE61301E52E367000451E0 /* search */,
			);
		};
/* End PBXProject section */

/* Begin PBXResourcesBuildPhase section */
		9DBE612F1E52E367000451E0 /* Resources */ = {
			isa = PBXResourcesBuildPhase;
			buildActionMask = 2147483647;
			files = (
				9DBE613F1E52E367000451E0 /* LaunchScreen.storyboard in Resources */,
				9DBE613C1E52E367000451E0 /* Assets.xcassets in Resources */,
				9DBE613A1E52E367000451E0 /* Main.storyboard in Resources */,
			);
			runOnlyForDeploymentPostprocessing = 0;
		};
/* End PBXResourcesBuildPhase section */

/* Begin PBXSourcesBuildPhase section */
		9DBE612D1E52E367000451E0 /* Sources */ = {
			isa = PBXSourcesBuildPhase;
			buildActionMask = 2147483647;
			files = (
				9DD0C1F01E53F1D500E9B06B /* TableCell.swift in Sources */,
				9DBE61371E52E367000451E0 /* ViewController.swift in Sources */,
				9DBE61351E52E367000451E0 /* AppDelegate.swift in Sources */,
				9DD0C1EC1E53EC7400E9B06B /* container.swift in Sources */,
				9DD0C1EE1E53EFD200E9B06B /* contained.swift in Sources */,
			);
			runOnlyForDeploymentPostprocessing = 0;
		};
/* End PBXSourcesBuildPhase section */

/* Begin PBXVariantGroup section */
		9DBE61381E52E367000451E0 /* Main.storyboard */ = {
			isa = PBXVariantGroup;
			children = (
				9DBE61391E52E367000451E0 /* Base */,
			);
			name = Main.storyboard;
			sourceTree = "<group>";
		};
		9DBE613D1E52E367000451E0 /* LaunchScreen.storyboard */ = {
			isa = PBXVariantGroup;
			children = (
				9DBE613E1E52E367000451E0 /* Base */,
			);
			name = LaunchScreen.storyboard;
			sourceTree = "<group>";
		};
/* End PBXVariantGroup section */

/* Begin XCBuildConfiguration section */
		9DBE61411E52E367000451E0 /* Debug */ = {
			isa = XCBuildConfiguration;
			buildSettings = {
				ALWAYS_SEARCH_USER_PATHS = NO;
				CLANG_ANALYZER_NONNULL = YES;
				CLANG_CXX_LANGUAGE_STANDARD = "gnu++0x";
				CLANG_CXX_LIBRARY = "libc++";
				CLANG_ENABLE_MODULES = YES;
				CLANG_ENABLE_OBJC_ARC = YES;
				CLANG_WARN_BOOL_CONVERSION = YES;
				CLANG_WARN_CONSTANT_CONVERSION = YES;
				CLANG_WARN_DIRECT_OBJC_ISA_USAGE = YES_ERROR;
				CLANG_WARN_DOCUMENTATION_COMMENTS = YES;
				CLANG_WARN_EMPTY_BODY = YES;
				CLANG_WARN_ENUM_CONVERSION = YES;
				CLANG_WARN_INFINITE_RECURSION = YES;
				CLANG_WARN_INT_CONVERSION = YES;
				CLANG_WARN_OBJC_ROOT_CLASS = YES_ERROR;
				CLANG_WARN_SUSPICIOUS_MOVES = YES;
				CLANG_WARN_UNREACHABLE_CODE = YES;
				CLANG_WARN__DUPLICATE_METHOD_MATCH = YES;
				"CODE_SIGN_IDENTITY[sdk=iphoneos*]" = "iPhone Developer";
				COPY_PHASE_STRIP = NO;
				DEBUG_INFORMATION_FORMAT = dwarf;
				ENABLE_STRICT_OBJC_MSGSEND = YES;
				ENABLE_TESTABILITY = YES;
				GCC_C_LANGUAGE_STANDARD = gnu99;
				GCC_DYNAMIC_NO_PIC = NO;
				GCC_NO_COMMON_BLOCKS = YES;
				GCC_OPTIMIZATION_LEVEL = 0;
				GCC_PREPROCESSOR_DEFINITIONS = (
					"DEBUG=1",
					"$(inherited)",
				);
				GCC_WARN_64_TO_32_BIT_CONVERSION = YES;
				GCC_WARN_ABOUT_RETURN_TYPE = YES_ERROR;
				GCC_WARN_UNDECLARED_SELECTOR = YES;
				GCC_WARN_UNINITIALIZED_AUTOS = YES_AGGRESSIVE;
				GCC_WARN_UNUSED_FUNCTION = YES;
				GCC_WARN_UNUSED_VARIABLE = YES;
				IPHONEOS_DEPLOYMENT_TARGET = 10.0;
				MTL_ENABLE_DEBUG_INFO = YES;
				ONLY_ACTIVE_ARCH = YES;
				SDKROOT = iphoneos;
				SWIFT_ACTIVE_COMPILATION_CONDITIONS = DEBUG;
				SWIFT_OPTIMIZATION_LEVEL = "-Onone";
			};
			name = Debug;
		};
		9DBE61421E52E367000451E0 /* Release */ = {
			isa = XCBuildConfiguration;
			buildSettings = {
				ALWAYS_SEARCH_USER_PATHS = NO;
				CLANG_ANALYZER_NONNULL = YES;
				CLANG_CXX_LANGUAGE_STANDARD = "gnu++0x";
				CLANG_CXX_LIBRARY = "libc++";
				CLANG_ENABLE_MODULES = YES;
				CLANG_ENABLE_OBJC_ARC = YES;
				CLANG_WARN_BOOL_CONVERSION = YES;
				CLANG_WARN_CONSTANT_CONVERSION = YES;
				CLANG_WARN_DIRECT_OBJC_ISA_USAGE = YES_ERROR;
				CLANG_WARN_DOCUMENTATION_COMMENTS = YES;
				CLANG_WARN_EMPTY_BODY = YES;
				CLANG_WARN_ENUM_CONVERSION = YES;
				CLANG_WARN_INFINITE_RECURSION = YES;
				CLANG_WARN_INT_CONVERSION = YES;
				CLANG_WARN_OBJC_ROOT_CLASS = YES_ERROR;
				CLANG_WARN_SUSPICIOUS_MOVES = YES;
				CLANG_WARN_UNREACHABLE_CODE = YES;
				CLANG_WARN__DUPLICATE_METHOD_MATCH = YES;
				"CODE_SIGN_IDENTITY[sdk=iphoneos*]" = "iPhone Developer";
				COPY_PHASE_STRIP = NO;
				DEBUG_INFORMATION_FORMAT = "dwarf-with-dsym";
				ENABLE_NS_ASSERTIONS = NO;
				ENABLE_STRICT_OBJC_MSGSEND = YES;
				GCC_C_LANGUAGE_STANDARD = gnu99;
				GCC_NO_COMMON_BLOCKS = YES;
				GCC_WARN_64_TO_32_BIT_CONVERSION = YES;
				GCC_WARN_ABOUT_RETURN_TYPE = YES_ERROR;
				GCC_WARN_UNDECLARED_SELECTOR = YES;
				GCC_WARN_UNINITIALIZED_AUTOS = YES_AGGRESSIVE;
				GCC_WARN_UNUSED_FUNCTION = YES;
				GCC_WARN_UNUSED_VARIABLE = YES;
				IPHONEOS_DEPLOYMENT_TARGET = 10.0;
				MTL_ENABLE_DEBUG_INFO = NO;
				SDKROOT = iphoneos;
				SWIFT_OPTIMIZATION_LEVEL = "-Owholemodule";
				VALIDATE_PRODUCT = YES;
			};
			name = Release;
		};
		9DBE61441E52E367000451E0 /* Debug */ = {
			isa = XCBuildConfiguration;
			buildSettings = {
				ASSETCATALOG_COMPILER_APPICON_NAME = AppIcon;
				INFOPLIST_FILE = search/Info.plist;
				LD_RUNPATH_SEARCH_PATHS = "$(inherited) @executable_path/Frameworks";
				PRODUCT_BUNDLE_IDENTIFIER = TempLine.search;
				PRODUCT_NAME = "$(TARGET_NAME)";
				SWIFT_VERSION = 3.0;
			};
			name = Debug;
		};
		9DBE61451E52E367000451E0 /* Release */ = {
			isa = XCBuildConfiguration;
			buildSettings = {
				ASSETCATALOG_COMPILER_APPICON_NAME = AppIcon;
				INFOPLIST_FILE = search/Info.plist;
				LD_RUNPATH_SEARCH_PATHS = "$(inherited) @executable_path/Frameworks";
				PRODUCT_BUNDLE_IDENTIFIER = TempLine.search;
				PRODUCT_NAME = "$(TARGET_NAME)";
				SWIFT_VERSION = 3.0;
			};
			name = Release;
		};
/* End XCBuildConfiguration section */

/* Begin XCConfigurationList section */
		9DBE612C1E52E367000451E0 /* Build configuration list for PBXProject "search" */ = {
			isa = XCConfigurationList;
			buildConfigurations = (
				9DBE61411E52E367000451E0 /* Debug */,
				9DBE61421E52E367000451E0 /* Release */,
			);
			defaultConfigurationIsVisible = 0;
			defaultConfigurationName = Release;
		};
		9DBE61431E52E367000451E0 /* Build configuration list for PBXNativeTarget "search" */ = {
			isa = XCConfigurationList;
			buildConfigurations = (
				9DBE61441E52E367000451E0 /* Debug */,
				9DBE61451E52E367000451E0 /* Release */,
			);
			defaultConfigurationIsVisible = 0;
			defaultConfigurationName = Release;
		};
/* End XCConfigurationList section */
	};
	rootObject = 9DBE61291E52E367000451E0 /* Project object */;
}
